
Microsoft Visual Studio Solution File, Format Version 12.00
# Visual Studio Version 17
VisualStudioVersion = 17.10.35122.118
MinimumVisualStudioVersion = 10.0.40219.1
Project("{FAE04EC0-301F-11D3-BF4B-00C04F79EFBC}") = "BasicCustomHUD", "BasicCustomHUD\BasicCustomHUD.csproj", "{5D6673A1-16D2-487C-A6E1-F388250C8236}"
EndProject
Global
	GlobalSection(SolutionConfigurationPlatforms) = preSolution
		Debug|Any CPU = Debug|Any CPU
		Release|Any CPU = Release|Any CPU
	EndGlobalSection
	GlobalSection(ProjectConfigurationPlatforms) = postSolution
		{5D6673A1-16D2-487C-A6E1-F388250C8236}.Debug|Any CPU.ActiveCfg = Debug|Any CPU
		{5D6673A1-16D2-487C-A6E1-F388250C8236}.Debug|Any CPU.Build.0 = Debug|Any CPU
		{5D6673A1-16D2-487C-A6E1-F388250C8236}.Release|Any CPU.ActiveCfg = Release|Any CPU
		{5D6673A1-16D2-487C-A6E1-F388250C8236}.Release|Any CPU.Build.0 = Release|Any CPU
	EndGlobalSection
	GlobalSection(SolutionProperties) = preSolution
		HideSolutionNode = FALSE
	EndGlobalSection
	GlobalSection(ExtensibilityGlobals) = postSolution
		SolutionGuid = {86FAA36C-C6E1-48F9-A55E-15A1C93668D3}
	EndGlobalSection
EndGlobal
